
Microsoft Visual Studio Solution File, Format Version 12.00
# Visual Studio Version 16
VisualStudioVersion = 16.0.31129.286
MinimumVisualStudioVersion = 10.0.40219.1
Project("{FAE04EC0-301F-11D3-BF4B-00C04F79EFBC}") = "FullStackDeveloperWebApi", "FullStackDeveloperWebApi\FullStackDeveloperWebApi.csproj", "{FB2D4FDC-317F-4048-81D6-2D0B6F10158E}"
EndProject
Global
	GlobalSection(SolutionConfigurationPlatforms) = preSolution
		Debug|Any CPU = Debug|Any CPU
		Release|Any CPU = Release|Any CPU
	EndGlobalSection
	GlobalSection(ProjectConfigurationPlatforms) = postSolution
		{FB2D4FDC-317F-4048-81D6-2D0B6F10158E}.Debug|Any CPU.ActiveCfg = Debug|Any CPU
		{FB2D4FDC-317F-4048-81D6-2D0B6F10158E}.Debug|Any CPU.Build.0 = Debug|Any CPU
		{FB2D4FDC-317F-4048-81D6-2D0B6F10158E}.Release|Any CPU.ActiveCfg = Release|Any CPU
		{FB2D4FDC-317F-4048-81D6-2D0B6F10158E}.Release|Any CPU.Build.0 = Release|Any CPU
	EndGlobalSection
	GlobalSection(SolutionProperties) = preSolution
		HideSolutionNode = FALSE
	EndGlobalSection
	GlobalSection(ExtensibilityGlobals) = postSolution
		SolutionGuid = {0CA009DF-8C3E-4040-9110-AFFD0E2F069C}
	EndGlobalSection
EndGlobal
